
Microsoft Visual Studio Solution File, Format Version 12.00
# Visual Studio Version 16
VisualStudioVersion = 16.0.29318.209
MinimumVisualStudioVersion = 10.0.40219.1
Project("{FAE04EC0-301F-11D3-BF4B-00C04F79EFBC}") = "Login-responsive", "Login-responsive\Login-responsive.csproj", "{1D2DFE96-E24F-421C-9BB5-4686C675B7F6}"
EndProject
Global
	GlobalSection(SolutionConfigurationPlatforms) = preSolution
		Debug|Any CPU = Debug|Any CPU
		Release|Any CPU = Release|Any CPU
	EndGlobalSection
	GlobalSection(ProjectConfigurationPlatforms) = postSolution
		{1D2DFE96-E24F-421C-9BB5-4686C675B7F6}.Debug|Any CPU.ActiveCfg = Debug|Any CPU
		{1D2DFE96-E24F-421C-9BB5-4686C675B7F6}.Debug|Any CPU.Build.0 = Debug|Any CPU
		{1D2DFE96-E24F-421C-9BB5-4686C675B7F6}.Release|Any CPU.ActiveCfg = Release|Any CPU
		{1D2DFE96-E24F-421C-9BB5-4686C675B7F6}.Release|Any CPU.Build.0 = Release|Any CPU
	EndGlobalSection
	GlobalSection(SolutionProperties) = preSolution
		HideSolutionNode = FALSE
	EndGlobalSection
	GlobalSection(ExtensibilityGlobals) = postSolution
		SolutionGuid = {8EEA8F5A-FD87-468A-918D-3ECE33540BDC}
	EndGlobalSection
EndGlobal
