
Microsoft Visual Studio Solution File, Format Version 11.00
# Visual Studio 2010
Project("{FAE04EC0-301F-11D3-BF4B-00C04F79EFBC}") = "15_09_2015_TMP", "15_09_2015_TMP\15_09_2015_TMP.csproj", "{BF0935FB-75C6-4156-B25A-65FCA0CD3C7C}"
EndProject
Global
	GlobalSection(SolutionConfigurationPlatforms) = preSolution
		Debug|x86 = Debug|x86
		Release|x86 = Release|x86
	EndGlobalSection
	GlobalSection(ProjectConfigurationPlatforms) = postSolution
		{BF0935FB-75C6-4156-B25A-65FCA0CD3C7C}.Debug|x86.ActiveCfg = Debug|x86
		{BF0935FB-75C6-4156-B25A-65FCA0CD3C7C}.Debug|x86.Build.0 = Debug|x86
		{BF0935FB-75C6-4156-B25A-65FCA0CD3C7C}.Release|x86.ActiveCfg = Release|x86
		{BF0935FB-75C6-4156-B25A-65FCA0CD3C7C}.Release|x86.Build.0 = Release|x86
	EndGlobalSection
	GlobalSection(SolutionProperties) = preSolution
		HideSolutionNode = FALSE
	EndGlobalSection
EndGlobal
